{
	"name": "pi-extensions",
	"lockfileVersion": 3,
	"requires": true,
	"packages": {
		"": {
			"name": "pi-extensions",
			"dependencies": {
				"@benvargas/pi-themes": "^1.0.0",
				"@juicesharp/rpiv-ask-user-question": "^2.4.0",
				"pi-open-tui": "^0.2.10"
			}
		},
		"node_modules/@benvargas/pi-themes": {
			"version": "1.0.0",
			"resolved": "https://registry.npmjs.org/@benvargas/pi-themes/-/pi-themes-1.0.0.tgz",
			"integrity": "sha512-9dl+Kl1uJadR88/jr+9zNaB5J4Lys0M4mEqjSkPW+Pr1P5DxFqWv7BSr+RGgJqPY2bBiQSuiaO2gXN3rFVKcPA==",
			"license": "MIT"
		},
		"node_modules/@juicesharp/rpiv-ask-user-question": {
			"version": "2.4.0",
			"resolved": "https://registry.npmjs.org/@juicesharp/rpiv-ask-user-question/-/rpiv-ask-user-question-2.4.0.tgz",
			"integrity": "sha512-JVWc6CrePUgAEP3g6C3vrJBqZ6JSS56HQy7+2QZBdwwtcxqCNCHdPgXMJ43sexeJvusSJKTadeDJcc/4kuJEGA==",
			"license": "MIT",
			"dependencies": {
				"@juicesharp/rpiv-config": "^2.4.0",
				"typebox": "^1.1.24"
			},
			"peerDependencies": {
				"@earendil-works/pi-coding-agent": "*",
				"@earendil-works/pi-tui": "*",
				"@juicesharp/rpiv-i18n": "*"
			},
			"peerDependenciesMeta": {
				"@juicesharp/rpiv-i18n": {
					"optional": true
				}
			}
		},
		"node_modules/@juicesharp/rpiv-config": {
			"version": "2.4.0",
			"resolved": "https://registry.npmjs.org/@juicesharp/rpiv-config/-/rpiv-config-2.4.0.tgz",
			"integrity": "sha512-yUeDLfpAeKv3fdoBsye6bDy8M+TOQDAo8wX7DY9Qqyh60dT65AmWT7HQ/BOc3o08n/5TrwTlX9EnZcPAcgz4pw==",
			"license": "MIT",
			"dependencies": {
				"typebox": "^1.1.24"
			}
		},
		"node_modules/pi-open-tui": {
			"version": "0.2.10",
			"resolved": "https://registry.npmjs.org/pi-open-tui/-/pi-open-tui-0.2.10.tgz",
			"integrity": "sha512-C8oTw2BoZtl888sD1ekRljIAjs4Dqasbzhq/+5lS/HoQz6C0A9Uq8WC49u8T5DlXjOw327gBhwKeKQLqtO89/g==",
			"license": "MIT",
			"peerDependencies": {
				"@earendil-works/pi-ai": ">=0.80",
				"@earendil-works/pi-coding-agent": ">=0.80",
				"@earendil-works/pi-tui": ">=0.80"
			},
			"peerDependenciesMeta": {
				"@earendil-works/pi-ai": {
					"optional": true
				},
				"@earendil-works/pi-coding-agent": {
					"optional": true
				},
				"@earendil-works/pi-tui": {
					"optional": true
				}
			}
		},
		"node_modules/typebox": {
			"version": "1.3.10",
			"resolved": "https://registry.npmjs.org/typebox/-/typebox-1.3.10.tgz",
			"integrity": "sha512-L0MT00X96q0P30f1NrGULgaSbmu8hfTjWbLULeVoM+j5u0jR5wyefoDquX2NmRa39f0KiNIBo1wWSaVvHJTZlA==",
			"license": "MIT"
		}
	}
}
