{
	"name": "pi-extensions",
	"lockfileVersion": 3,
	"requires": true,
	"packages": {
		"": {
			"name": "pi-extensions",
			"dependencies": {
				"@benvargas/pi-themes": "^1.2.0",
				"@juicesharp/rpiv-ask-user-question": "^2.6.2",
				"pi-context-view": "^0.4.3",
				"pi-ketch": "^0.1.6",
				"pi-open-tui": "^0.2.14",
				"pi-rose-pine": "^0.1.0-next.13-next.13"
			}
		},
		"node_modules/@benvargas/pi-themes": {
			"version": "1.2.0",
			"resolved": "https://registry.npmjs.org/@benvargas/pi-themes/-/pi-themes-1.2.0.tgz",
			"integrity": "sha512-CUohU8phn62MNoA4zkN6QgQKjlVs+0wqCYlXWnx9enAP4JOq8sKuwk/YTSRApRa6UdrBEWPsO6wtG3exGdf8+g==",
			"license": "MIT"
		},
		"node_modules/@juicesharp/rpiv-ask-user-question": {
			"version": "2.6.2",
			"resolved": "https://registry.npmjs.org/@juicesharp/rpiv-ask-user-question/-/rpiv-ask-user-question-2.6.2.tgz",
			"integrity": "sha512-DS9yZHcaPr+/nf0x2CCfiXBod/1aWjGyakGM3lZAObuGDhYI0nFRE5gxTcCOfQug6JtJXjt1GlzyX8Pljefdzg==",
			"license": "MIT",
			"dependencies": {
				"@juicesharp/rpiv-config": "^2.6.2",
				"typebox": "^1.1.24"
			},
			"peerDependencies": {
				"@earendil-works/pi-coding-agent": "*",
				"@earendil-works/pi-tui": "*",
				"@juicesharp/rpiv-i18n": "*"
			},
			"peerDependenciesMeta": {
				"@juicesharp/rpiv-i18n": {
					"optional": true
				}
			}
		},
		"node_modules/@juicesharp/rpiv-config": {
			"version": "2.6.2",
			"resolved": "https://registry.npmjs.org/@juicesharp/rpiv-config/-/rpiv-config-2.6.2.tgz",
			"integrity": "sha512-FD36DmnRowb3ZHOZlJMx5pmSVflVseurpT8Yo5E9TBcWFnUvTfy1IgRfFSiap73fi1wZ8M130dtr9P4+Ot0TlA==",
			"license": "MIT",
			"dependencies": {
				"typebox": "^1.1.24"
			}
		},
		"node_modules/pi-context-view": {
			"version": "0.4.3",
			"resolved": "https://registry.npmjs.org/pi-context-view/-/pi-context-view-0.4.3.tgz",
			"integrity": "sha512-iKwFmK+3SOiVtwNR1gfi+ssFQtO94Onv3aUve1s2VltgwzidZTYknEgmPgapTZr/jocauvBfbEo7RJJC37AkvQ==",
			"license": "MIT",
			"engines": {
				"node": ">=22.19.0"
			},
			"peerDependencies": {
				"@earendil-works/pi-coding-agent": "*",
				"@earendil-works/pi-tui": "*"
			}
		},
		"node_modules/pi-ketch": {
			"version": "0.1.6",
			"resolved": "https://registry.npmjs.org/pi-ketch/-/pi-ketch-0.1.6.tgz",
			"integrity": "sha512-Y9Bis6LzPR1c25MTODtvU4EyBDsSUYuw9Qj+UovtKH43iySjww6UJQ/Ba5ScHNdLuoCWthxp2IwD86ttXRrfKg==",
			"license": "MIT",
			"engines": {
				"node": ">=22.14.0"
			},
			"peerDependencies": {
				"@earendil-works/pi-ai": "*",
				"@earendil-works/pi-coding-agent": "*",
				"@earendil-works/pi-tui": "*",
				"typebox": "*"
			}
		},
		"node_modules/pi-open-tui": {
			"version": "0.2.14",
			"resolved": "https://registry.npmjs.org/pi-open-tui/-/pi-open-tui-0.2.14.tgz",
			"integrity": "sha512-6Di9Yo2X+JywnwsJsYGQrdvJVeHBeguR9yA78q1zP8K+5cONpvp87HmhKOwiQ8h1IYyigQVUttS7CjpiIsXzIQ==",
			"license": "MIT",
			"peerDependencies": {
				"@earendil-works/pi-ai": ">=0.80",
				"@earendil-works/pi-coding-agent": ">=0.80",
				"@earendil-works/pi-tui": ">=0.80"
			},
			"peerDependenciesMeta": {
				"@earendil-works/pi-ai": {
					"optional": true
				},
				"@earendil-works/pi-coding-agent": {
					"optional": true
				},
				"@earendil-works/pi-tui": {
					"optional": true
				}
			}
		},
		"node_modules/pi-rose-pine": {
			"version": "0.1.0-next.13-next.13",
			"resolved": "https://registry.npmjs.org/pi-rose-pine/-/pi-rose-pine-0.1.0-next.13-next.13.tgz",
			"integrity": "sha512-CuA+duVwO/LfDabKYp0+gphqXuiJVthN637/w8LMWChAeWFNHaliWft5jQC4+TM1vYQl4rm5QzIzXlQ4G+OnHw=="
		},
		"node_modules/typebox": {
			"version": "1.3.15",
			"resolved": "https://registry.npmjs.org/typebox/-/typebox-1.3.15.tgz",
			"integrity": "sha512-gOKAjLqUr+bFGbO5vxCEO5+nHh2wO+swzSIkiJJC0kJ4oLN6f65SrZn6tJYhsYO+qdnpf2NmlQwgsayYoi1NkQ==",
			"license": "MIT"
		}
	}
}
