{
	"name": "pi-extensions",
	"lockfileVersion": 3,
	"requires": true,
	"packages": {
		"": {
			"name": "pi-extensions",
			"dependencies": {
				"@benvargas/pi-themes": "^1.0.0",
				"@gotgenes/pi-permission-system": "^24.0.0",
				"@juicesharp/rpiv-ask-user-question": "^2.2.0"
			}
		},
		"node_modules/@benvargas/pi-themes": {
			"version": "1.0.0",
			"resolved": "https://registry.npmjs.org/@benvargas/pi-themes/-/pi-themes-1.0.0.tgz",
			"integrity": "sha512-9dl+Kl1uJadR88/jr+9zNaB5J4Lys0M4mEqjSkPW+Pr1P5DxFqWv7BSr+RGgJqPY2bBiQSuiaO2gXN3rFVKcPA==",
			"license": "MIT"
		},
		"node_modules/@gotgenes/pi-permission-system": {
			"version": "24.0.0",
			"resolved": "https://registry.npmjs.org/@gotgenes/pi-permission-system/-/pi-permission-system-24.0.0.tgz",
			"integrity": "sha512-4WncumJPPDDs8Ulrjk7qvU3kHjQSjGyZnpLx1Nu9EkxWQZQi+qvVOpGpPGbHwlXt6rg8AjvI8zSl2Aj2bo5lfA==",
			"license": "MIT",
			"dependencies": {
				"tree-sitter-bash": "^0.25.1",
				"web-tree-sitter": "^0.26.9",
				"zod": "^4.4.3"
			},
			"engines": {
				"node": ">=22"
			},
			"peerDependencies": {
				"@earendil-works/pi-coding-agent": ">=0.79.0",
				"@earendil-works/pi-tui": ">=0.79.0"
			}
		},
		"node_modules/@juicesharp/rpiv-ask-user-question": {
			"version": "2.2.0",
			"resolved": "https://registry.npmjs.org/@juicesharp/rpiv-ask-user-question/-/rpiv-ask-user-question-2.2.0.tgz",
			"integrity": "sha512-OdFxiaa1zNX9y+8mFdB0OH0c4SFsV+npRme7vNch8EiZAEfgyHep5vYCZuI/eLsIMUdrITV5YsBj/5H7QEhTpQ==",
			"license": "MIT",
			"dependencies": {
				"@juicesharp/rpiv-config": "^2.2.0",
				"typebox": "^1.1.24"
			},
			"peerDependencies": {
				"@earendil-works/pi-coding-agent": "*",
				"@earendil-works/pi-tui": "*",
				"@juicesharp/rpiv-i18n": "*"
			},
			"peerDependenciesMeta": {
				"@juicesharp/rpiv-i18n": {
					"optional": true
				}
			}
		},
		"node_modules/@juicesharp/rpiv-config": {
			"version": "2.2.0",
			"resolved": "https://registry.npmjs.org/@juicesharp/rpiv-config/-/rpiv-config-2.2.0.tgz",
			"integrity": "sha512-1qoMteCeWF8/L6qPed9bExf79N7QucyLFcdvEdTaeBalFe+MpYVzFz1UIhHod6KUTpG+qUPgI7ROnUCvrYIyxQ==",
			"license": "MIT",
			"dependencies": {
				"typebox": "^1.1.24"
			}
		},
		"node_modules/node-addon-api": {
			"version": "8.9.0",
			"resolved": "https://registry.npmjs.org/node-addon-api/-/node-addon-api-8.9.0.tgz",
			"integrity": "sha512-ekZMeaaIzSQTSpr7X2X3iJM7lTzgnx8ahAG9pJfT/7+14mlEM8ZYQ9cgCDvSSRbReFK0oHli3WrZdCiRsgAT9Q==",
			"license": "MIT",
			"engines": {
				"node": "^18 || ^20 || >= 21"
			}
		},
		"node_modules/node-gyp-build": {
			"version": "4.8.4",
			"resolved": "https://registry.npmjs.org/node-gyp-build/-/node-gyp-build-4.8.4.tgz",
			"integrity": "sha512-LA4ZjwlnUblHVgq0oBF3Jl/6h/Nvs5fzBLwdEF4nuxnFdsfajde4WfxtJr3CaiH+F6ewcIB/q4jQ4UzPyid+CQ==",
			"license": "MIT",
			"bin": {
				"node-gyp-build": "bin.js",
				"node-gyp-build-optional": "optional.js",
				"node-gyp-build-test": "build-test.js"
			}
		},
		"node_modules/tree-sitter-bash": {
			"version": "0.25.1",
			"resolved": "https://registry.npmjs.org/tree-sitter-bash/-/tree-sitter-bash-0.25.1.tgz",
			"integrity": "sha512-7hMytuYIMoXOq24yRulgIxthE9YmggZIOHCyPTTuJcu6EU54tYD+4G39cUb28kxC6jMf/AbPfWGLQtgPTdh3xw==",
			"hasInstallScript": true,
			"license": "MIT",
			"dependencies": {
				"node-addon-api": "^8.2.1",
				"node-gyp-build": "^4.8.2"
			},
			"peerDependencies": {
				"tree-sitter": "^0.25.0"
			},
			"peerDependenciesMeta": {
				"tree-sitter": {
					"optional": true
				}
			}
		},
		"node_modules/typebox": {
			"version": "1.3.9",
			"resolved": "https://registry.npmjs.org/typebox/-/typebox-1.3.9.tgz",
			"integrity": "sha512-erh7xzupOex0jkMRU72du2Bq7w1aL8625CJuFEiE7dM4YoJqaxKZqwZw00rsrohS78uDICG3h7FhQ9iJQRDRqg==",
			"license": "MIT"
		},
		"node_modules/web-tree-sitter": {
			"version": "0.26.11",
			"resolved": "https://registry.npmjs.org/web-tree-sitter/-/web-tree-sitter-0.26.11.tgz",
			"integrity": "sha512-Q5Dm3YTIXSXuH6FxX6RuzX2Qwpc4DPGiYMU87Wg5Z8OIStiQFiUex4zMDc0vBTw78EphaYJacncJghCHzbZptg==",
			"license": "MIT"
		},
		"node_modules/zod": {
			"version": "4.4.3",
			"resolved": "https://registry.npmjs.org/zod/-/zod-4.4.3.tgz",
			"integrity": "sha512-ytENFjIJFl2UwYglde2jchW2Hwm4GJFLDiSXWdTrJQBIN9Fcyp7n4DhxJEiWNAJMV1/BqWfW/kkg71UDcHJyTQ==",
			"license": "MIT",
			"funding": {
				"url": "https://github.com/sponsors/colinhacks"
			}
		}
	}
}
